
Microsoft Visual Studio Solution File, Format Version 12.00
# Visual Studio 15
VisualStudioVersion = 15.0.28010.2016
MinimumVisualStudioVersion = 10.0.40219.1
Project("{FAE04EC0-301F-11D3-BF4B-00C04F79EFBC}") = "TestGit", "TestGit\TestGit.csproj", "{E00CB51D-7FAD-4A06-860A-CF12D7FFEC6C}"
EndProject
Global
	GlobalSection(SolutionConfigurationPlatforms) = preSolution
		Debug|Any CPU = Debug|Any CPU
		Release|Any CPU = Release|Any CPU
	EndGlobalSection
	GlobalSection(ProjectConfigurationPlatforms) = postSolution
		{E00CB51D-7FAD-4A06-860A-CF12D7FFEC6C}.Debug|Any CPU.ActiveCfg = Debug|Any CPU
		{E00CB51D-7FAD-4A06-860A-CF12D7FFEC6C}.Debug|Any CPU.Build.0 = Debug|Any CPU
		{E00CB51D-7FAD-4A06-860A-CF12D7FFEC6C}.Release|Any CPU.ActiveCfg = Release|Any CPU
		{E00CB51D-7FAD-4A06-860A-CF12D7FFEC6C}.Release|Any CPU.Build.0 = Release|Any CPU
	EndGlobalSection
	GlobalSection(SolutionProperties) = preSolution
		HideSolutionNode = FALSE
	EndGlobalSection
	GlobalSection(ExtensibilityGlobals) = postSolution
		SolutionGuid = {119B804C-96AC-4E8F-95B8-D26CD79AF7FC}
	EndGlobalSection
EndGlobal
